
Microsoft Visual Studio Solution File, Format Version 12.00
# Visual Studio 15
VisualStudioVersion = 15.0.27703.2042
MinimumVisualStudioVersion = 10.0.40219.1
Project("{FAE04EC0-301F-11D3-BF4B-00C04F79EFBC}") = "Infinito.WPF", "Infinito.WPF\Infinito.WPF.csproj", "{2BCFFF00-54D0-4085-8771-C293D0846263}"
EndProject
Project("{FAE04EC0-301F-11D3-BF4B-00C04F79EFBC}") = "Infinito.UWP", "Infinito.UWP\Infinito.UWP.csproj", "{36E1EF7E-8D12-4E56-B0F8-5BA144BD2B43}"
EndProject
Global
	GlobalSection(SolutionConfigurationPlatforms) = preSolution
		Debug|Any CPU = Debug|Any CPU
		Debug|ARM = Debug|ARM
		Debug|x64 = Debug|x64
		Debug|x86 = Debug|x86
		Release|Any CPU = Release|Any CPU
		Release|ARM = Release|ARM
		Release|x64 = Release|x64
		Release|x86 = Release|x86
	EndGlobalSection
	GlobalSection(ProjectConfigurationPlatforms) = postSolution
		{2BCFFF00-54D0-4085-8771-C293D0846263}.Debug|Any CPU.ActiveCfg = Debug|Any CPU
		{2BCFFF00-54D0-4085-8771-C293D0846263}.Debug|Any CPU.Build.0 = Debug|Any CPU
		{2BCFFF00-54D0-4085-8771-C293D0846263}.Debug|ARM.ActiveCfg = Debug|Any CPU
		{2BCFFF00-54D0-4085-8771-C293D0846263}.Debug|ARM.Build.0 = Debug|Any CPU
		{2BCFFF00-54D0-4085-8771-C293D0846263}.Debug|x64.ActiveCfg = Debug|Any CPU
		{2BCFFF00-54D0-4085-8771-C293D0846263}.Debug|x64.Build.0 = Debug|Any CPU
		{2BCFFF00-54D0-4085-8771-C293D0846263}.Debug|x86.ActiveCfg = Debug|Any CPU
		{2BCFFF00-54D0-4085-8771-C293D0846263}.Debug|x86.Build.0 = Debug|Any CPU
		{2BCFFF00-54D0-4085-8771-C293D0846263}.Release|Any CPU.ActiveCfg = Release|Any CPU
		{2BCFFF00-54D0-4085-8771-C293D0846263}.Release|Any CPU.Build.0 = Release|Any CPU
		{2BCFFF00-54D0-4085-8771-C293D0846263}.Release|ARM.ActiveCfg = Release|Any CPU
		{2BCFFF00-54D0-4085-8771-C293D0846263}.Release|ARM.Build.0 = Release|Any CPU
		{2BCFFF00-54D0-4085-8771-C293D0846263}.Release|x64.ActiveCfg = Release|Any CPU
		{2BCFFF00-54D0-4085-8771-C293D0846263}.Release|x64.Build.0 = Release|Any CPU
		{2BCFFF00-54D0-4085-8771-C293D0846263}.Release|x86.ActiveCfg = Release|Any CPU
		{2BCFFF00-54D0-4085-8771-C293D0846263}.Release|x86.Build.0 = Release|Any CPU
		{36E1EF7E-8D12-4E56-B0F8-5BA144BD2B43}.Debug|Any CPU.ActiveCfg = Debug|x86
		{36E1EF7E-8D12-4E56-B0F8-5BA144BD2B43}.Debug|ARM.ActiveCfg = Debug|ARM
		{36E1EF7E-8D12-4E56-B0F8-5BA144BD2B43}.Debug|ARM.Build.0 = Debug|ARM
		{36E1EF7E-8D12-4E56-B0F8-5BA144BD2B43}.Debug|ARM.Deploy.0 = Debug|ARM
		{36E1EF7E-8D12-4E56-B0F8-5BA144BD2B43}.Debug|x64.ActiveCfg = Debug|x64
		{36E1EF7E-8D12-4E56-B0F8-5BA144BD2B43}.Debug|x64.Build.0 = Debug|x64
		{36E1EF7E-8D12-4E56-B0F8-5BA144BD2B43}.Debug|x64.Deploy.0 = Debug|x64
		{36E1EF7E-8D12-4E56-B0F8-5BA144BD2B43}.Debug|x86.ActiveCfg = Debug|x86
		{36E1EF7E-8D12-4E56-B0F8-5BA144BD2B43}.Debug|x86.Build.0 = Debug|x86
		{36E1EF7E-8D12-4E56-B0F8-5BA144BD2B43}.Debug|x86.Deploy.0 = Debug|x86
		{36E1EF7E-8D12-4E56-B0F8-5BA144BD2B43}.Release|Any CPU.ActiveCfg = Release|x86
		{36E1EF7E-8D12-4E56-B0F8-5BA144BD2B43}.Release|ARM.ActiveCfg = Release|ARM
		{36E1EF7E-8D12-4E56-B0F8-5BA144BD2B43}.Release|ARM.Build.0 = Release|ARM
		{36E1EF7E-8D12-4E56-B0F8-5BA144BD2B43}.Release|ARM.Deploy.0 = Release|ARM
		{36E1EF7E-8D12-4E56-B0F8-5BA144BD2B43}.Release|x64.ActiveCfg = Release|x64
		{36E1EF7E-8D12-4E56-B0F8-5BA144BD2B43}.Release|x64.Build.0 = Release|x64
		{36E1EF7E-8D12-4E56-B0F8-5BA144BD2B43}.Release|x64.Deploy.0 = Release|x64
		{36E1EF7E-8D12-4E56-B0F8-5BA144BD2B43}.Release|x86.ActiveCfg = Release|x86
		{36E1EF7E-8D12-4E56-B0F8-5BA144BD2B43}.Release|x86.Build.0 = Release|x86
		{36E1EF7E-8D12-4E56-B0F8-5BA144BD2B43}.Release|x86.Deploy.0 = Release|x86
	EndGlobalSection
	GlobalSection(SolutionProperties) = preSolution
		HideSolutionNode = FALSE
	EndGlobalSection
	GlobalSection(ExtensibilityGlobals) = postSolution
		SolutionGuid = {E76BBB7E-9423-4399-B7D8-780CCA345850}
	EndGlobalSection
EndGlobal
